# THIS IS AN AUTOGENERATED FILE. DO NOT EDIT THIS FILE DIRECTLY.
# yarn lockfile v1


"@glidejs/glide@3.5.2":
  version "3.5.2"
  resolved "https://registry.yarnpkg.com/@glidejs/glide/-/glide-3.5.2.tgz#7012c5920ecf202bbda44d8526fc979984b6dd54"
  integrity sha512-7jGciNJ2bQ4eZLSNlSZ+VAyW63kALf420CvkEpK4lEsUfWJq9odqimci0YCiyNyMUFB+pWHwLYyNc57dijYsCg==

headroom.js@0.12.0:
  version "0.12.0"
  resolved "https://registry.yarnpkg.com/headroom.js/-/headroom.js-0.12.0.tgz#e09b466b18d22457f2023fb946ff620e47a5c205"
  integrity sha512-iXnAafUm3FdzfJ91uixLws2hkKI1jC8bAKK/pt7XYr8Ie1jO7xbK48Ycpl9tUPyBgkzuj1p/PhJS0fy4E/5anA==

instant.page@5.1.0:
  version "5.1.0"
  resolved "https://registry.yarnpkg.com/instant.page/-/instant.page-5.1.0.tgz#ee0b5c341eda6c16d63def214bb6126701d7154d"
  integrity sha512-7tz0vkrbj6rN08+C56UDTs1Z71ATPNjMv2eCFaYnIIn3jlkEF6HZCaUtsigjaN2hVaYiuu06vu1usDMnu+OEFg==
